<?xml version="1.0" encoding="utf-8"?>
<Project ToolsVersion="4.0" xmlns="http://schemas.microsoft.com/developer/msbuild/2003">
  <ItemGroup>
    <Filter Include="Source Files">
      <UniqueIdentifier>{4FC737F1-C7A5-4376-A066-2A32D752A2FF}</UniqueIdentifier>
      <Extensions>cpp;c;cc;cxx;c++;cppm;ixx;def;odl;idl;hpj;bat;asm;asmx</Extensions>
    </Filter>
    <Filter Include="Header Files">
      <UniqueIdentifier>{93995380-89BD-4b04-88EB-625FBE52EBFB}</UniqueIdentifier>
      <Extensions>h;hh;hpp;hxx;h++;hm;inl;inc;ipp;xsd</Extensions>
    </Filter>
    <Filter Include="Resource Files">
      <UniqueIdentifier>{67DA6AB6-F800-4c08-8B7A-83BB121AAD01}</UniqueIdentifier>
      <Extensions>rc;ico;cur;bmp;dlg;rc2;rct;bin;rgs;gif;jpg;jpeg;jpe;resx;tiff;tif;png;wav;mfcribbon-ms</Extensions>
    </Filter>
    <Filter Include="Source Files\entities">
      <UniqueIdentifier>{594f5a50-edbf-45f9-b035-08ad90fc5f60}</UniqueIdentifier>
    </Filter>
    <Filter Include="Source Files\entities\animation">
      <UniqueIdentifier>{ea2ddbfa-7f68-4d5d-8153-d0da2c2bb03a}</UniqueIdentifier>
    </Filter>
    <Filter Include="Source Files\mgmt">
      <UniqueIdentifier>{de05c0dd-a38c-4473-beeb-50d836582e1a}</UniqueIdentifier>
    </Filter>
    <Filter Include="Source Files\game_states">
      <UniqueIdentifier>{36fa7a2f-ce38-45c1-bd07-a2141dbd6acc}</UniqueIdentifier>
    </Filter>
    <Filter Include="Source Files\network">
      <UniqueIdentifier>{301facb7-dee5-4eba-b2b7-5a85e22d2ff9}</UniqueIdentifier>
    </Filter>
    <Filter Include="Source Files\network\server">
      <UniqueIdentifier>{eed7eed9-8221-4115-9023-8b88722004ec}</UniqueIdentifier>
    </Filter>
    <Filter Include="Source Files\network\client">
      <UniqueIdentifier>{4db8730e-8926-412c-8192-11c05261b9d7}</UniqueIdentifier>
    </Filter>
    <Filter Include="Source Files\game_states\levels">
      <UniqueIdentifier>{65e3f5ec-bdaf-4ee7-b5bc-88c65493b41b}</UniqueIdentifier>
    </Filter>
    <Filter Include="Source Files\res">
      <UniqueIdentifier>{f78705a3-7a34-4afc-badd-e39e39ca3742}</UniqueIdentifier>
    </Filter>
    <Filter Include="Source Files\res\tpl">
      <UniqueIdentifier>{02608976-848c-4084-9b85-ec6925de487f}</UniqueIdentifier>
    </Filter>
    <Filter Include="Source Files\game_states\zones">
      <UniqueIdentifier>{20169ba7-6764-433b-a49c-1460f997eff0}</UniqueIdentifier>
    </Filter>
    <Filter Include="Resource Files\assets">
      <UniqueIdentifier>{4581c281-0d4b-476c-8a93-0b8e2544ba45}</UniqueIdentifier>
    </Filter>
    <Filter Include="Resource Files\assets\textures">
      <UniqueIdentifier>{d063b4a7-c428-44e9-be96-48270223b7e2}</UniqueIdentifier>
    </Filter>
    <Filter Include="Resource Files\assets\fonts">
      <UniqueIdentifier>{c64fd8f0-3248-4ec6-8da0-f9f85e0a41b5}</UniqueIdentifier>
    </Filter>
    <Filter Include="Resource Files\assets\textures\levels">
      <UniqueIdentifier>{abe44ab2-0f48-4ae2-ba23-0ffd3050394b}</UniqueIdentifier>
    </Filter>
    <Filter Include="Resource Files\assets\textures\levels\level1">
      <UniqueIdentifier>{d126a3f0-0de3-497b-841a-502bca9a9e1e}</UniqueIdentifier>
    </Filter>
    <Filter Include="Resource Files\assets\textures\player">
      <UniqueIdentifier>{60055dbc-c66c-4aad-9ba2-d42a9597b4a0}</UniqueIdentifier>
    </Filter>
    <Filter Include="Resource Files\assets\textures\zones">
      <UniqueIdentifier>{fd9ec0c5-bd86-4d86-87c3-8e59367d69d1}</UniqueIdentifier>
    </Filter>
  </ItemGroup>
  <ItemGroup>
    <ClCompile Include="main.cpp">
      <Filter>Source Files</Filter>
    </ClCompile>
    <ClCompile Include="src\entities\Entity.cpp">
      <Filter>Source Files\entities</Filter>
    </ClCompile>
    <ClCompile Include="src\network\NetworkCommon.cpp">
      <Filter>Source Files\network</Filter>
    </ClCompile>
    <ClCompile Include="src\network\server\Server.cpp">
      <Filter>Source Files\network\server</Filter>
    </ClCompile>
    <ClCompile Include="src\network\client\Client.cpp">
      <Filter>Source Files\network\client</Filter>
    </ClCompile>
    <ClCompile Include="src\entities\animation\AnimationSet.cpp">
      <Filter>Source Files\entities\animation</Filter>
    </ClCompile>
    <ClCompile Include="src\game_states\levels\Level.cpp">
      <Filter>Source Files\game_states\levels</Filter>
    </ClCompile>
    <ClCompile Include="src\mgmt\GameStateManager.cpp">
      <Filter>Source Files\mgmt</Filter>
    </ClCompile>
    <ClCompile Include="src\game_states\PlayState.cpp">
      <Filter>Source Files\game_states</Filter>
    </ClCompile>
    <ClCompile Include="src\game_states\TitleState.cpp">
      <Filter>Source Files\game_states</Filter>
    </ClCompile>
    <ClCompile Include="src\network\NetTypes.cpp">
      <Filter>Source Files\network</Filter>
    </ClCompile>
    <ClCompile Include="src\res\Cfg.cpp">
      <Filter>Source Files\res</Filter>
    </ClCompile>
    <ClCompile Include="src\res\SceneResources.cpp">
      <Filter>Source Files\res</Filter>
    </ClCompile>
    <ClCompile Include="src\game_states\OverworldState.cpp">
      <Filter>Source Files\game_states</Filter>
    </ClCompile>
  </ItemGroup>
  <ItemGroup>
    <ClInclude Include="src\entities\Entity.h">
      <Filter>Source Files\entities</Filter>
    </ClInclude>
    <ClInclude Include="src\network\NetworkCommon.h">
      <Filter>Source Files\network</Filter>
    </ClInclude>
    <ClInclude Include="src\network\server\Server.h">
      <Filter>Source Files\network\server</Filter>
    </ClInclude>
    <ClInclude Include="src\network\client\Client.h">
      <Filter>Source Files\network\client</Filter>
    </ClInclude>
    <ClInclude Include="src\entities\animation\AnimationSet.h">
      <Filter>Source Files\entities\animation</Filter>
    </ClInclude>
    <ClInclude Include="src\game_states\levels\Level.h">
      <Filter>Source Files\game_states\levels</Filter>
    </ClInclude>
    <ClInclude Include="src\game_states\GameState.h">
      <Filter>Source Files\game_states</Filter>
    </ClInclude>
    <ClInclude Include="src\mgmt\GameStateManager.h">
      <Filter>Source Files\mgmt</Filter>
    </ClInclude>
    <ClInclude Include="src\game_states\PlayState.h">
      <Filter>Source Files\game_states</Filter>
    </ClInclude>
    <ClInclude Include="src\game_states\TitleState.h">
      <Filter>Source Files\game_states</Filter>
    </ClInclude>
    <ClInclude Include="src\network\NetTypes.h">
      <Filter>Source Files\network</Filter>
    </ClInclude>
    <ClInclude Include="src\res\Cfg.h">
      <Filter>Source Files\res</Filter>
    </ClInclude>
    <ClInclude Include="src\res\ResourceManager.h">
      <Filter>Source Files\res</Filter>
    </ClInclude>
    <ClInclude Include="src\res\SceneResources.h">
      <Filter>Source Files\res</Filter>
    </ClInclude>
    <ClInclude Include="src\network\client\ClientContext.h">
      <Filter>Source Files\network\client</Filter>
    </ClInclude>
    <ClInclude Include="src\game_states\OverworldState.h">
      <Filter>Source Files\game_states</Filter>
    </ClInclude>
  </ItemGroup>
  <ItemGroup>
    <None Include="src\res\tpl\ResourceManager.tpl">
      <Filter>Source Files\res\tpl</Filter>
    </None>
    <None Include="src\res\tpl\SceneResources.tpl">
      <Filter>Source Files\res\tpl</Filter>
    </None>
  </ItemGroup>
  <ItemGroup>
    <Image Include="assets\textures\levels\level1\L1_BgFar.png">
      <Filter>Resource Files\assets\textures\levels\level1</Filter>
    </Image>
    <Image Include="assets\textures\levels\level1\L1_BgMid_Far.png">
      <Filter>Resource Files\assets\textures\levels\level1</Filter>
    </Image>
    <Image Include="assets\textures\levels\level1\L1_BgMid_Mid.png">
      <Filter>Resource Files\assets\textures\levels\level1</Filter>
    </Image>
    <Image Include="assets\textures\levels\level1\L1_BgMid_Near.png">
      <Filter>Resource Files\assets\textures\levels\level1</Filter>
    </Image>
    <Image Include="assets\textures\levels\level1\L1_Foreground.png">
      <Filter>Resource Files\assets\textures\levels\level1</Filter>
    </Image>
    <Image Include="assets\textures\player\idle.png">
      <Filter>Resource Files\assets\textures\player</Filter>
    </Image>
    <Image Include="assets\textures\player\walk.png">
      <Filter>Resource Files\assets\textures\player</Filter>
    </Image>
    <Image Include="assets\textures\zones\Zone1_Icons.png">
      <Filter>Resource Files\assets\textures\zones</Filter>
    </Image>
    <Image Include="assets\textures\zones\Zone1_Map.jpg">
      <Filter>Resource Files\assets\textures\zones</Filter>
    </Image>
    <Image Include="assets\textures\none.png">
      <Filter>Resource Files\assets\textures</Filter>
    </Image>
  </ItemGroup>
</Project>